
Microsoft Visual Studio Solution File, Format Version 12.00
# Visual Studio Version 16
VisualStudioVersion = 16.0.29728.190
MinimumVisualStudioVersion = 10.0.40219.1
Project("{FAE04EC0-301F-11D3-BF4B-00C04F79EFBC}") = "KitboxCustomer", "KitboxCustomer.csproj", "{3C602FA4-A078-404D-9E26-D0A1BDE146F6}"
EndProject
Project("{9A19103F-16F7-4668-BE54-9A1E7A4F7556}") = "MethodsDB", "..\MethodsDB\MethodsDB.csproj", "{5037F050-3ACA-4065-BA72-23008C26EDCB}"
EndProject
Project("{9A19103F-16F7-4668-BE54-9A1E7A4F7556}") = "StockDB", "..\StockDB\StockDB.csproj", "{DFDD262E-DC57-4456-B2E6-AF6E54F84B88}"
EndProject
Project("{2150E333-8FDC-42A3-9474-1A3956D46DE8}") = "Solution Items", "Solution Items", "{EFEBE133-CF42-459C-B239-0331BE09C523}"
	ProjectSection(SolutionItems) = preProject
		.editorconfig = .editorconfig
	EndProjectSection
EndProject
Project("{7CF6DF6D-3B04-46F8-A40B-537D21BCA0B4}") = "Documentation", "..\Documentation\Documentation.shfbproj", "{4E8EE97D-3FA4-4A1B-BCE6-60E7E6123E0A}"
EndProject
Global
	GlobalSection(SolutionConfigurationPlatforms) = preSolution
		Debug|Any CPU = Debug|Any CPU
		Release|Any CPU = Release|Any CPU
	EndGlobalSection
	GlobalSection(ProjectConfigurationPlatforms) = postSolution
		{3C602FA4-A078-404D-9E26-D0A1BDE146F6}.Debug|Any CPU.ActiveCfg = Debug|Any CPU
		{3C602FA4-A078-404D-9E26-D0A1BDE146F6}.Debug|Any CPU.Build.0 = Debug|Any CPU
		{3C602FA4-A078-404D-9E26-D0A1BDE146F6}.Release|Any CPU.ActiveCfg = Release|Any CPU
		{3C602FA4-A078-404D-9E26-D0A1BDE146F6}.Release|Any CPU.Build.0 = Release|Any CPU
		{5037F050-3ACA-4065-BA72-23008C26EDCB}.Debug|Any CPU.ActiveCfg = Debug|Any CPU
		{5037F050-3ACA-4065-BA72-23008C26EDCB}.Debug|Any CPU.Build.0 = Debug|Any CPU
		{5037F050-3ACA-4065-BA72-23008C26EDCB}.Release|Any CPU.ActiveCfg = Release|Any CPU
		{5037F050-3ACA-4065-BA72-23008C26EDCB}.Release|Any CPU.Build.0 = Release|Any CPU
		{DFDD262E-DC57-4456-B2E6-AF6E54F84B88}.Debug|Any CPU.ActiveCfg = Debug|Any CPU
		{DFDD262E-DC57-4456-B2E6-AF6E54F84B88}.Debug|Any CPU.Build.0 = Debug|Any CPU
		{DFDD262E-DC57-4456-B2E6-AF6E54F84B88}.Release|Any CPU.ActiveCfg = Release|Any CPU
		{DFDD262E-DC57-4456-B2E6-AF6E54F84B88}.Release|Any CPU.Build.0 = Release|Any CPU
		{4E8EE97D-3FA4-4A1B-BCE6-60E7E6123E0A}.Debug|Any CPU.ActiveCfg = Debug|Any CPU
		{4E8EE97D-3FA4-4A1B-BCE6-60E7E6123E0A}.Debug|Any CPU.Build.0 = Debug|Any CPU
		{4E8EE97D-3FA4-4A1B-BCE6-60E7E6123E0A}.Release|Any CPU.ActiveCfg = Release|Any CPU
		{4E8EE97D-3FA4-4A1B-BCE6-60E7E6123E0A}.Release|Any CPU.Build.0 = Release|Any CPU
	EndGlobalSection
	GlobalSection(SolutionProperties) = preSolution
		HideSolutionNode = FALSE
	EndGlobalSection
	GlobalSection(ExtensibilityGlobals) = postSolution
		SolutionGuid = {E2EF3F63-19F1-45A7-8C65-CF4A522201EE}
	EndGlobalSection
EndGlobal
